
Microsoft Visual Studio Solution File, Format Version 12.00
# Visual Studio 15
VisualStudioVersion = 15.0.27428.2027
MinimumVisualStudioVersion = 10.0.40219.1
Project("{2150E333-8FDC-42A3-9474-1A3956D46DE8}") = "01.Presentation", "01.Presentation", "{13F42F64-1704-432C-A130-E6DF7E9F53A6}"
EndProject
Project("{2150E333-8FDC-42A3-9474-1A3956D46DE8}") = "02.Serivces", "02.Serivces", "{3E2B8403-1691-48F5-8A94-7617295376EF}"
EndProject
Project("{2150E333-8FDC-42A3-9474-1A3956D46DE8}") = "03.Business", "03.Business", "{C209FA52-AB57-480F-A37E-FD2AB4DB2C60}"
EndProject
Project("{2150E333-8FDC-42A3-9474-1A3956D46DE8}") = "04.DAL", "04.DAL", "{74A91DB0-E564-435B-839C-9FFEC93486E0}"
EndProject
Project("{2150E333-8FDC-42A3-9474-1A3956D46DE8}") = "05.Shared", "05.Shared", "{8E54A322-D37E-407F-B46E-F689187F9F79}"
EndProject
Project("{2150E333-8FDC-42A3-9474-1A3956D46DE8}") = "06.Tests", "06.Tests", "{8674A7F9-0383-48A3-8ACC-4793B1D9AD8A}"
EndProject
Project("{FAE04EC0-301F-11D3-BF4B-00C04F79EFBC}") = "MobileTower.WebApp", "MobileTower.WebApp\MobileTower.WebApp.csproj", "{23A0C64C-0F96-48A2-AE7C-41323D41324C}"
EndProject
Project("{FAE04EC0-301F-11D3-BF4B-00C04F79EFBC}") = "MobileTower.DAL", "MobileTower.DAL\MobileTower.DAL.csproj", "{1FDBC04A-4786-4EB2-A0AB-4873375B6B17}"
EndProject
Project("{FAE04EC0-301F-11D3-BF4B-00C04F79EFBC}") = "MobileTower.Tests", "MobileTower.Tests\MobileTower.Tests.csproj", "{259CD02F-B535-4647-9678-3CC8BE8C517D}"
EndProject
Project("{FAE04EC0-301F-11D3-BF4B-00C04F79EFBC}") = "MobileTower.Entities", "MobileTower.Entities\MobileTower.Entities.csproj", "{72F48BB7-38AB-4BC2-AF8D-822984CC8D74}"
EndProject
Project("{FAE04EC0-301F-11D3-BF4B-00C04F79EFBC}") = "MobileTower.DTO", "MobileTower.DTO\MobileTower.DTO.csproj", "{EE68F301-4CAC-42FE-A9AE-36C6BD786C1D}"
EndProject
Project("{FAE04EC0-301F-11D3-BF4B-00C04F79EFBC}") = "MobileTower.Infrastructure", "MobileTower.Infrastructure\MobileTower.Infrastructure.csproj", "{98620443-C607-436A-B004-CED2A06EE09A}"
EndProject
Project("{2150E333-8FDC-42A3-9474-1A3956D46DE8}") = "Contracts", "Contracts", "{65290CA7-B3B8-4AB5-89CA-06094040668B}"
EndProject
Project("{2150E333-8FDC-42A3-9474-1A3956D46DE8}") = "Implementation", "Implementation", "{713210A6-06ED-4216-913C-8B9E6886384D}"
EndProject
Project("{FAE04EC0-301F-11D3-BF4B-00C04F79EFBC}") = "EFTest", "EFTest\EFTest.csproj", "{4ABBCAA6-31D7-44E6-BA3F-47698B959925}"
EndProject
Global
	GlobalSection(SolutionConfigurationPlatforms) = preSolution
		Debug|Any CPU = Debug|Any CPU
		Release|Any CPU = Release|Any CPU
	EndGlobalSection
	GlobalSection(ProjectConfigurationPlatforms) = postSolution
		{23A0C64C-0F96-48A2-AE7C-41323D41324C}.Debug|Any CPU.ActiveCfg = Debug|Any CPU
		{23A0C64C-0F96-48A2-AE7C-41323D41324C}.Debug|Any CPU.Build.0 = Debug|Any CPU
		{23A0C64C-0F96-48A2-AE7C-41323D41324C}.Release|Any CPU.ActiveCfg = Release|Any CPU
		{23A0C64C-0F96-48A2-AE7C-41323D41324C}.Release|Any CPU.Build.0 = Release|Any CPU
		{1FDBC04A-4786-4EB2-A0AB-4873375B6B17}.Debug|Any CPU.ActiveCfg = Debug|Any CPU
		{1FDBC04A-4786-4EB2-A0AB-4873375B6B17}.Debug|Any CPU.Build.0 = Debug|Any CPU
		{1FDBC04A-4786-4EB2-A0AB-4873375B6B17}.Release|Any CPU.ActiveCfg = Release|Any CPU
		{1FDBC04A-4786-4EB2-A0AB-4873375B6B17}.Release|Any CPU.Build.0 = Release|Any CPU
		{259CD02F-B535-4647-9678-3CC8BE8C517D}.Debug|Any CPU.ActiveCfg = Debug|Any CPU
		{259CD02F-B535-4647-9678-3CC8BE8C517D}.Debug|Any CPU.Build.0 = Debug|Any CPU
		{259CD02F-B535-4647-9678-3CC8BE8C517D}.Release|Any CPU.ActiveCfg = Release|Any CPU
		{259CD02F-B535-4647-9678-3CC8BE8C517D}.Release|Any CPU.Build.0 = Release|Any CPU
		{72F48BB7-38AB-4BC2-AF8D-822984CC8D74}.Debug|Any CPU.ActiveCfg = Debug|Any CPU
		{72F48BB7-38AB-4BC2-AF8D-822984CC8D74}.Debug|Any CPU.Build.0 = Debug|Any CPU
		{72F48BB7-38AB-4BC2-AF8D-822984CC8D74}.Release|Any CPU.ActiveCfg = Release|Any CPU
		{72F48BB7-38AB-4BC2-AF8D-822984CC8D74}.Release|Any CPU.Build.0 = Release|Any CPU
		{EE68F301-4CAC-42FE-A9AE-36C6BD786C1D}.Debug|Any CPU.ActiveCfg = Debug|Any CPU
		{EE68F301-4CAC-42FE-A9AE-36C6BD786C1D}.Debug|Any CPU.Build.0 = Debug|Any CPU
		{EE68F301-4CAC-42FE-A9AE-36C6BD786C1D}.Release|Any CPU.ActiveCfg = Release|Any CPU
		{EE68F301-4CAC-42FE-A9AE-36C6BD786C1D}.Release|Any CPU.Build.0 = Release|Any CPU
		{98620443-C607-436A-B004-CED2A06EE09A}.Debug|Any CPU.ActiveCfg = Debug|Any CPU
		{98620443-C607-436A-B004-CED2A06EE09A}.Debug|Any CPU.Build.0 = Debug|Any CPU
		{98620443-C607-436A-B004-CED2A06EE09A}.Release|Any CPU.ActiveCfg = Release|Any CPU
		{98620443-C607-436A-B004-CED2A06EE09A}.Release|Any CPU.Build.0 = Release|Any CPU
		{4ABBCAA6-31D7-44E6-BA3F-47698B959925}.Debug|Any CPU.ActiveCfg = Debug|Any CPU
		{4ABBCAA6-31D7-44E6-BA3F-47698B959925}.Debug|Any CPU.Build.0 = Debug|Any CPU
		{4ABBCAA6-31D7-44E6-BA3F-47698B959925}.Release|Any CPU.ActiveCfg = Release|Any CPU
		{4ABBCAA6-31D7-44E6-BA3F-47698B959925}.Release|Any CPU.Build.0 = Release|Any CPU
	EndGlobalSection
	GlobalSection(SolutionProperties) = preSolution
		HideSolutionNode = FALSE
	EndGlobalSection
	GlobalSection(NestedProjects) = preSolution
		{23A0C64C-0F96-48A2-AE7C-41323D41324C} = {13F42F64-1704-432C-A130-E6DF7E9F53A6}
		{1FDBC04A-4786-4EB2-A0AB-4873375B6B17} = {74A91DB0-E564-435B-839C-9FFEC93486E0}
		{259CD02F-B535-4647-9678-3CC8BE8C517D} = {8674A7F9-0383-48A3-8ACC-4793B1D9AD8A}
		{72F48BB7-38AB-4BC2-AF8D-822984CC8D74} = {8E54A322-D37E-407F-B46E-F689187F9F79}
		{EE68F301-4CAC-42FE-A9AE-36C6BD786C1D} = {8E54A322-D37E-407F-B46E-F689187F9F79}
		{98620443-C607-436A-B004-CED2A06EE09A} = {8E54A322-D37E-407F-B46E-F689187F9F79}
		{65290CA7-B3B8-4AB5-89CA-06094040668B} = {3E2B8403-1691-48F5-8A94-7617295376EF}
		{713210A6-06ED-4216-913C-8B9E6886384D} = {3E2B8403-1691-48F5-8A94-7617295376EF}
	EndGlobalSection
	GlobalSection(ExtensibilityGlobals) = postSolution
		SolutionGuid = {B1116417-FD70-4EDB-AD26-EE41B24BCF35}
	EndGlobalSection
EndGlobal
